
Microsoft Visual Studio Solution File, Format Version 12.00
# Visual Studio Version 16
VisualStudioVersion = 16.0.32228.343
MinimumVisualStudioVersion = 10.0.40219.1
Project("{FAE04EC0-301F-11D3-BF4B-00C04F79EFBC}") = "WebAPP", "WebAPP\WebAPP.csproj", "{24D8092A-6716-4B2F-A2DF-37B34C2FEE0C}"
EndProject
Global
	GlobalSection(SolutionConfigurationPlatforms) = preSolution
		Debug|Any CPU = Debug|Any CPU
		Release|Any CPU = Release|Any CPU
	EndGlobalSection
	GlobalSection(ProjectConfigurationPlatforms) = postSolution
		{24D8092A-6716-4B2F-A2DF-37B34C2FEE0C}.Debug|Any CPU.ActiveCfg = Debug|Any CPU
		{24D8092A-6716-4B2F-A2DF-37B34C2FEE0C}.Debug|Any CPU.Build.0 = Debug|Any CPU
		{24D8092A-6716-4B2F-A2DF-37B34C2FEE0C}.Release|Any CPU.ActiveCfg = Release|Any CPU
		{24D8092A-6716-4B2F-A2DF-37B34C2FEE0C}.Release|Any CPU.Build.0 = Release|Any CPU
	EndGlobalSection
	GlobalSection(SolutionProperties) = preSolution
		HideSolutionNode = FALSE
	EndGlobalSection
	GlobalSection(ExtensibilityGlobals) = postSolution
		SolutionGuid = {AD439754-06BE-4267-B69A-FD920A724EEE}
	EndGlobalSection
EndGlobal
